
Microsoft Visual Studio Solution File, Format Version 12.00
# Visual Studio Version 16
VisualStudioVersion = 16.0.30503.244
MinimumVisualStudioVersion = 10.0.40219.1
Project("{FAE04EC0-301F-11D3-BF4B-00C04F79EFBC}") = "KanyeWestQuotes", "KanyeWestQuotes\KanyeWestQuotes.csproj", "{50B6F2AF-0445-47A8-873E-42B46B3DC9ED}"
EndProject
Global
	GlobalSection(SolutionConfigurationPlatforms) = preSolution
		Debug|Any CPU = Debug|Any CPU
		Release|Any CPU = Release|Any CPU
	EndGlobalSection
	GlobalSection(ProjectConfigurationPlatforms) = postSolution
		{50B6F2AF-0445-47A8-873E-42B46B3DC9ED}.Debug|Any CPU.ActiveCfg = Debug|Any CPU
		{50B6F2AF-0445-47A8-873E-42B46B3DC9ED}.Debug|Any CPU.Build.0 = Debug|Any CPU
		{50B6F2AF-0445-47A8-873E-42B46B3DC9ED}.Release|Any CPU.ActiveCfg = Release|Any CPU
		{50B6F2AF-0445-47A8-873E-42B46B3DC9ED}.Release|Any CPU.Build.0 = Release|Any CPU
	EndGlobalSection
	GlobalSection(SolutionProperties) = preSolution
		HideSolutionNode = FALSE
	EndGlobalSection
	GlobalSection(ExtensibilityGlobals) = postSolution
		SolutionGuid = {8544DEB3-8F13-4577-B0AC-07C377AFA6A0}
	EndGlobalSection
EndGlobal
